
Microsoft Visual Studio Solution File, Format Version 12.00
# Visual Studio 2012
Project("{FAE04EC0-301F-11D3-BF4B-00C04F79EFBC}") = "WindowsFormsApplication121", "WindowsFormsApplication121\WindowsFormsApplication121.csproj", "{149C4FF8-CA47-45DD-A61E-1C0B7F1BC23C}"
EndProject
Global
	GlobalSection(SolutionConfigurationPlatforms) = preSolution
		Debug|Any CPU = Debug|Any CPU
		Release|Any CPU = Release|Any CPU
	EndGlobalSection
	GlobalSection(ProjectConfigurationPlatforms) = postSolution
		{149C4FF8-CA47-45DD-A61E-1C0B7F1BC23C}.Debug|Any CPU.ActiveCfg = Debug|Any CPU
		{149C4FF8-CA47-45DD-A61E-1C0B7F1BC23C}.Debug|Any CPU.Build.0 = Debug|Any CPU
		{149C4FF8-CA47-45DD-A61E-1C0B7F1BC23C}.Release|Any CPU.ActiveCfg = Release|Any CPU
		{149C4FF8-CA47-45DD-A61E-1C0B7F1BC23C}.Release|Any CPU.Build.0 = Release|Any CPU
	EndGlobalSection
	GlobalSection(SolutionProperties) = preSolution
		HideSolutionNode = FALSE
	EndGlobalSection
EndGlobal
